
Microsoft Visual Studio Solution File, Format Version 12.00
# Visual Studio Version 16
VisualStudioVersion = 16.0.31515.178
MinimumVisualStudioVersion = 10.0.40219.1
Project("{FAE04EC0-301F-11D3-BF4B-00C04F79EFBC}") = "LazyLoading", "LazyLoading\LazyLoading.csproj", "{AA388445-4CEF-44B6-98F1-00BEF38A839F}"
EndProject
Global
	GlobalSection(SolutionConfigurationPlatforms) = preSolution
		Debug|Any CPU = Debug|Any CPU
		Release|Any CPU = Release|Any CPU
	EndGlobalSection
	GlobalSection(ProjectConfigurationPlatforms) = postSolution
		{AA388445-4CEF-44B6-98F1-00BEF38A839F}.Debug|Any CPU.ActiveCfg = Debug|Any CPU
		{AA388445-4CEF-44B6-98F1-00BEF38A839F}.Debug|Any CPU.Build.0 = Debug|Any CPU
		{AA388445-4CEF-44B6-98F1-00BEF38A839F}.Release|Any CPU.ActiveCfg = Release|Any CPU
		{AA388445-4CEF-44B6-98F1-00BEF38A839F}.Release|Any CPU.Build.0 = Release|Any CPU
	EndGlobalSection
	GlobalSection(SolutionProperties) = preSolution
		HideSolutionNode = FALSE
	EndGlobalSection
	GlobalSection(ExtensibilityGlobals) = postSolution
		SolutionGuid = {33E87DF9-DA98-4086-9983-F7B3766C8627}
	EndGlobalSection
EndGlobal
